<?xml version="1.0" encoding="utf-8"?>
<Project ToolsVersion="4.0" xmlns="http://schemas.microsoft.com/developer/msbuild/2003">
  <ItemGroup>
    <Filter Include="Header Files">
      <UniqueIdentifier>{93995380-89BD-4b04-88EB-625FBE52EBFB}</UniqueIdentifier>
      <Extensions>h;hh;hpp;hxx;h++;hm;inl;inc;ipp;xsd</Extensions>
    </Filter>
    <Filter Include="Source Files">
      <UniqueIdentifier>{4FC737F1-C7A5-4376-A066-2A32D752A2FF}</UniqueIdentifier>
      <Extensions>cpp;c;cc;cxx;c++;cppm;ixx;def;odl;idl;hpj;bat;asm;asmx</Extensions>
    </Filter>
    <Filter Include="Resource Files">
      <UniqueIdentifier>{67DA6AB6-F800-4c08-8B7A-83BB121AAD01}</UniqueIdentifier>
      <Extensions>rc;ico;cur;bmp;dlg;rc2;rct;bin;rgs;gif;jpg;jpeg;jpe;resx;tiff;tif;png;wav;mfcribbon-ms</Extensions>
    </Filter>
    <Filter Include="Header Files\3rd-party">
      <UniqueIdentifier>{eca0f57e-120f-4811-a4fe-2a7b242ed338}</UniqueIdentifier>
    </Filter>
    <Filter Include="Header Files\JobSystem">
      <UniqueIdentifier>{e56827bd-ac14-4911-a986-a31272e2418e}</UniqueIdentifier>
    </Filter>
    <Filter Include="Source Files\JobSystem">
      <UniqueIdentifier>{fbcca391-8686-4abe-896d-12f196c88442}</UniqueIdentifier>
    </Filter>
    <Filter Include="Header Files\Base">
      <UniqueIdentifier>{0ea89ad3-8a17-4a1a-9ebe-f342440e5b93}</UniqueIdentifier>
    </Filter>
    <Filter Include="Source Files\Base">
      <UniqueIdentifier>{57cbe948-e1e9-4ecb-b121-0b2228f52410}</UniqueIdentifier>
    </Filter>
    <Filter Include="Header Files\Descriptor">
      <UniqueIdentifier>{485667ef-f6e9-44a3-8947-4ecaf742d25f}</UniqueIdentifier>
    </Filter>
    <Filter Include="Source Files\Descriptor">
      <UniqueIdentifier>{c0195500-f000-4280-90f7-8f49ce1e3a9d}</UniqueIdentifier>
    </Filter>
  </ItemGroup>
  <ItemGroup>
    <ClCompile Include="main.cpp">
      <Filter>Source Files</Filter>
    </ClCompile>
    <ClCompile Include="JobSystem\JobSystem.cpp">
      <Filter>Source Files\JobSystem</Filter>
    </ClCompile>
    <ClCompile Include="Base\StockData.cpp">
      <Filter>Source Files\Base</Filter>
    </ClCompile>
    <ClCompile Include="Base\StockDescriptor.cpp">
      <Filter>Source Files\Base</Filter>
    </ClCompile>
    <ClCompile Include="Descriptor\RiseAndFall.cpp">
      <Filter>Source Files\Descriptor</Filter>
    </ClCompile>
    <ClCompile Include="Descriptor\ConsecutiveRed.cpp">
      <Filter>Source Files\Descriptor</Filter>
    </ClCompile>
    <ClCompile Include="Descriptor\ConsecutiveRedAndFall.cpp">
      <Filter>Source Files\Descriptor</Filter>
    </ClCompile>
    <ClCompile Include="Descriptor\GapUpOpenAndFall.cpp">
      <Filter>Source Files\Descriptor</Filter>
    </ClCompile>
    <ClCompile Include="Base\StockDataReader.cpp">
      <Filter>Source Files\Base</Filter>
    </ClCompile>
    <ClCompile Include="Descriptor\BigRedAndTwoGreen.cpp">
      <Filter>Source Files</Filter>
    </ClCompile>
  </ItemGroup>
  <ItemGroup>
    <ClInclude Include="JobSystem\JobSystem.h">
      <Filter>Header Files\JobSystem</Filter>
    </ClInclude>
    <ClInclude Include="Base\StockData.h">
      <Filter>Header Files\Base</Filter>
    </ClInclude>
    <ClInclude Include="Base\StockDescriptor.h">
      <Filter>Header Files\Base</Filter>
    </ClInclude>
    <ClInclude Include="Descriptor\RiseAndFall.h">
      <Filter>Header Files\Descriptor</Filter>
    </ClInclude>
    <ClInclude Include="Descriptor\ConsecutiveRed.h">
      <Filter>Header Files\Descriptor</Filter>
    </ClInclude>
    <ClInclude Include="Descriptor\ConsecutiveRedAndFall.h">
      <Filter>Header Files\Descriptor</Filter>
    </ClInclude>
    <ClInclude Include="Descriptor\GapUpOpenAndFall.h">
      <Filter>Header Files\Descriptor</Filter>
    </ClInclude>
    <ClInclude Include="Base\StockDataReader.h">
      <Filter>Header Files\Base</Filter>
    </ClInclude>
    <ClInclude Include="Descriptor\BigRedAndTwoGreen.h">
      <Filter>Header Files\Descriptor</Filter>
    </ClInclude>
    <ClInclude Include="3rd-party\rapidcsv.h">
      <Filter>Header Files\3rd-party</Filter>
    </ClInclude>
  </ItemGroup>
</Project>